# THIS IS AN AUTOGENERATED FILE. DO NOT EDIT THIS FILE DIRECTLY.
# yarn lockfile v1


"@js-joda/core@3.2.0":
  version "3.2.0"
  resolved "https://registry.yarnpkg.com/@js-joda/core/-/core-3.2.0.tgz#3e61e21b7b2b8a6be746df1335cf91d70db2a273"
  integrity sha512-PMqgJ0sw5B7FKb2d5bWYIoxjri+QlW/Pys7+Rw82jSH0QN3rB05jZ/VrrsUdh1w4+i2kw9JOejXGq/KhDOX7Kg==

"@js-joda/timezone@2.18.3":
  version "2.18.3"
  resolved "https://registry.yarnpkg.com/@js-joda/timezone/-/timezone-2.18.3.tgz#3d3d9907557493c77f6e829a583e64db8c15792a"
  integrity sha512-e+tZFIHWQJoR7ZVyGo5K/i+pPIAvFiEuq8F0CLFINSA7csSIK1dd4mtB2tb43e1/NUmDsnwo9FlhRlyBR9EzoQ==

"@sqlite.org/sqlite-wasm@^3.50.1-build1":
  version "3.50.1-build1"
  resolved "https://registry.yarnpkg.com/@sqlite.org/sqlite-wasm/-/sqlite-wasm-3.50.1-build1.tgz#67dd9944b0e37ddb0ef2c8b195baa74ece838e44"
  integrity sha512-yH4M/SHN98NibniIwTVk6rwTJjy7n39l7zwWY3u+qsfZBGTi4lC1uEl2NDvIlkzsFtfCBvHBJJFJ1iuU3UzzEQ==

"sql-js-worker@file:../../sqlJsWorker/worker":
  version "0.0.0"
  dependencies:
    sql.js "1.14.0"

sql.js@1.14.0:
  version "1.14.0"
  resolved "https://registry.yarnpkg.com/sql.js/-/sql.js-1.14.0.tgz#49d4df3b6d311a0da28aab34120d7fe2dcc68f09"
  integrity sha512-NXYh+kFqLiYRCNAaHD0PcbjFgXyjuolEKLMk5vRt2DgPENtF1kkNzzMlg42dUk5wIsH8MhUzsRhaUxIisoSlZQ==

"sqlite-wasm-worker@file:../../sqliteWasmWorker/worker":
  version "0.0.0"
  dependencies:
    "@sqlite.org/sqlite-wasm" "^3.50.1-build1"
